
Microsoft Visual Studio Solution File, Format Version 12.00
# Visual Studio 15
VisualStudioVersion = 15.0.26403.7
MinimumVisualStudioVersion = 10.0.40219.1
Project("{FAE04EC0-301F-11D3-BF4B-00C04F79EFBC}") = "FamilyTreeMVC", "FamilyTreeMVC\FamilyTreeMVC.csproj", "{DF3DE49E-1A34-446F-ADAF-77B18394C1CD}"
EndProject
Project("{FAE04EC0-301F-11D3-BF4B-00C04F79EFBC}") = "FamilyTreeMVC.Tests", "FamilyTreeMVC.Tests\FamilyTreeMVC.Tests.csproj", "{E0C25C97-7E7B-4833-9E74-67BC5ADE6194}"
EndProject
Project("{FAE04EC0-301F-11D3-BF4B-00C04F79EFBC}") = "FamilyTreeModels", "FamilyTreeModels\FamilyTreeModels.csproj", "{3B7797C1-F8B7-4343-9A2C-D5C6ABA63D4F}"
EndProject
Global
	GlobalSection(SolutionConfigurationPlatforms) = preSolution
		Debug|Any CPU = Debug|Any CPU
		Release|Any CPU = Release|Any CPU
	EndGlobalSection
	GlobalSection(ProjectConfigurationPlatforms) = postSolution
		{DF3DE49E-1A34-446F-ADAF-77B18394C1CD}.Debug|Any CPU.ActiveCfg = Debug|Any CPU
		{DF3DE49E-1A34-446F-ADAF-77B18394C1CD}.Debug|Any CPU.Build.0 = Debug|Any CPU
		{DF3DE49E-1A34-446F-ADAF-77B18394C1CD}.Release|Any CPU.ActiveCfg = Release|Any CPU
		{DF3DE49E-1A34-446F-ADAF-77B18394C1CD}.Release|Any CPU.Build.0 = Release|Any CPU
		{E0C25C97-7E7B-4833-9E74-67BC5ADE6194}.Debug|Any CPU.ActiveCfg = Debug|Any CPU
		{E0C25C97-7E7B-4833-9E74-67BC5ADE6194}.Debug|Any CPU.Build.0 = Debug|Any CPU
		{E0C25C97-7E7B-4833-9E74-67BC5ADE6194}.Release|Any CPU.ActiveCfg = Release|Any CPU
		{E0C25C97-7E7B-4833-9E74-67BC5ADE6194}.Release|Any CPU.Build.0 = Release|Any CPU
		{3B7797C1-F8B7-4343-9A2C-D5C6ABA63D4F}.Debug|Any CPU.ActiveCfg = Debug|Any CPU
		{3B7797C1-F8B7-4343-9A2C-D5C6ABA63D4F}.Debug|Any CPU.Build.0 = Debug|Any CPU
		{3B7797C1-F8B7-4343-9A2C-D5C6ABA63D4F}.Release|Any CPU.ActiveCfg = Release|Any CPU
		{3B7797C1-F8B7-4343-9A2C-D5C6ABA63D4F}.Release|Any CPU.Build.0 = Release|Any CPU
	EndGlobalSection
	GlobalSection(SolutionProperties) = preSolution
		HideSolutionNode = FALSE
	EndGlobalSection
EndGlobal
